{
  "version": 4,
  "terraform_version": "1.5.7",
  "serial": 10,
  "lineage": "7deb8e80-d8bf-1102-7e20-eb50db69a61f",
  "outputs": {
    "HUB_Compartment_Name": {
      "value": "HUB",
      "type": "string"
    },
    "Root_Compartment_ID": {
      "value": "ocid1.tenancy.oc1..aaaaaaaa7m5xck4bqercwcqyjv44iigmut5uhetpvju5wkc6ygvd7mvo2ema",
      "type": "string"
    },
    "root": {
      "value": "ocid1.tenancy.oc1..aaaaaaaa7m5xck4bqercwcqyjv44iigmut5uhetpvju5wkc6ygvd7mvo2ema",
      "type": "string"
    }
  },
  "resources": [
    {
      "module": "module.Compartment",
      "mode": "managed",
      "type": "oci_identity_compartment",
      "name": "HUB",
      "provider": "provider[\"registry.terraform.io/hashicorp/oci\"]",
      "instances": [
        {
          "schema_version": 0,
          "attributes": {
            "compartment_id": "ocid1.tenancy.oc1..aaaaaaaa7m5xck4bqercwcqyjv44iigmut5uhetpvju5wkc6ygvd7mvo2ema",
            "defined_tags": {
              "Oracle-Tags.CreatedBy": "default/terraform",
              "Oracle-Tags.CreatedOn": "2023-10-20T22:57:51.895Z"
            },
            "description": "HUB compartment",
            "enable_delete": null,
            "freeform_tags": {},
            "id": "ocid1.compartment.oc1..aaaaaaaa4fspjzz2qab3wmjdevznsnuv4wqku3i6sbzyye65hpkwf2gmqioa",
            "inactive_state": null,
            "is_accessible": true,
            "name": "HUB",
            "state": "ACTIVE",
            "time_created": "2023-10-20 22:57:51.967 +0000 UTC",
            "timeouts": null
          },
          "sensitive_attributes": [],
          "private": "eyJlMmJmYjczMC1lY2FhLTExZTYtOGY4OC0zNDM2M2JjN2M0YzAiOnsiZGVsZXRlIjo1NDAwMDAwMDAwMDAwfX0="
        }
      ]
    },
    {
      "module": "module.Network",
      "mode": "managed",
      "type": "oci_core_vcn",
      "name": "vcn",
      "provider": "provider[\"registry.terraform.io/hashicorp/oci\"]",
      "instances": [
        {
          "schema_version": 0,
          "attributes": {
            "byoipv6cidr_blocks": [],
            "byoipv6cidr_details": null,
            "cidr_block": "10.0.0.0/16",
            "cidr_blocks": [
              "10.0.0.0/16"
            ],
            "compartment_id": "ocid1.compartment.oc1..aaaaaaaa4fspjzz2qab3wmjdevznsnuv4wqku3i6sbzyye65hpkwf2gmqioa",
            "default_dhcp_options_id": "ocid1.dhcpoptions.oc1.eu-frankfurt-1.aaaaaaaanxzjq53pqmwubpayqat3hh5ufyl6pcstj3iozdcjtaehrf3nilga",
            "default_route_table_id": "ocid1.routetable.oc1.eu-frankfurt-1.aaaaaaaafhga6cezkkfz2vlw5dl4apsfwvipnoydz7h6gxrp3avkko64ntyq",
            "default_security_list_id": "ocid1.securitylist.oc1.eu-frankfurt-1.aaaaaaaa27oqax2hw3tgnnfojpnpepr5ixoi4n37267g4nsa4gmk2kmgurha",
            "defined_tags": {
              "Oracle-Tags.CreatedBy": "default/terraform",
              "Oracle-Tags.CreatedOn": "2023-10-20T23:41:48.832Z"
            },
            "display_name": "HUB",
            "dns_label": null,
            "freeform_tags": {},
            "id": "ocid1.vcn.oc1.eu-frankfurt-1.amaaaaaaynmd5jqafzkhf2maesjyxgyrs7edlaroxykgx24xs3c4trzb5eiq",
            "ipv6cidr_blocks": [],
            "ipv6private_cidr_blocks": [],
            "is_ipv6enabled": false,
            "is_oracle_gua_allocation_enabled": null,
            "state": "AVAILABLE",
            "time_created": "2023-10-20 23:41:48.957 +0000 UTC",
            "timeouts": null,
            "vcn_domain_name": null
          },
          "sensitive_attributes": [],
          "private": "eyJlMmJmYjczMC1lY2FhLTExZTYtOGY4OC0zNDM2M2JjN2M0YzAiOnsiY3JlYXRlIjoxMjAwMDAwMDAwMDAwLCJkZWxldGUiOjEyMDAwMDAwMDAwMDAsInVwZGF0ZSI6MTIwMDAwMDAwMDAwMH19",
          "dependencies": [
            "module.Compartment.oci_identity_compartment.HUB"
          ]
        }
      ]
    }
  ],
  "check_results": null
}
